
Microsoft Visual Studio Solution File, Format Version 12.00
# Visual Studio Version 16
VisualStudioVersion = 16.0.29609.76
MinimumVisualStudioVersion = 10.0.40219.1
Project("{FAE04EC0-301F-11D3-BF4B-00C04F79EFBC}") = "FirefoxSeleniumBot", "FirefoxSeleniumBot.csproj", "{886AC156-D1FA-455D-AD66-36D60374EE05}"
EndProject
Global
	GlobalSection(SolutionConfigurationPlatforms) = preSolution
		Debug|Any CPU = Debug|Any CPU
		Release|Any CPU = Release|Any CPU
	EndGlobalSection
	GlobalSection(ProjectConfigurationPlatforms) = postSolution
		{886AC156-D1FA-455D-AD66-36D60374EE05}.Debug|Any CPU.ActiveCfg = Debug|Any CPU
		{886AC156-D1FA-455D-AD66-36D60374EE05}.Debug|Any CPU.Build.0 = Debug|Any CPU
		{886AC156-D1FA-455D-AD66-36D60374EE05}.Release|Any CPU.ActiveCfg = Release|Any CPU
		{886AC156-D1FA-455D-AD66-36D60374EE05}.Release|Any CPU.Build.0 = Release|Any CPU
	EndGlobalSection
	GlobalSection(SolutionProperties) = preSolution
		HideSolutionNode = FALSE
	EndGlobalSection
	GlobalSection(ExtensibilityGlobals) = postSolution
		SolutionGuid = {DC440952-62FF-4B8B-9F91-79B2FA4CE162}
	EndGlobalSection
EndGlobal
